
Microsoft Visual Studio Solution File, Format Version 12.00
# Visual Studio Version 17
VisualStudioVersion = 17.4.33213.308
MinimumVisualStudioVersion = 10.0.40219.1
Project("{FAE04EC0-301F-11D3-BF4B-00C04F79EFBC}") = "Microservice.Framework.MsSql", "Microservice.Framework.MsSql\Microservice.Framework.MsSql.csproj", "{ED7DB9DD-1F1F-4F16-B134-FBBEC533E39F}"
EndProject
Global
	GlobalSection(SolutionConfigurationPlatforms) = preSolution
		Debug|Any CPU = Debug|Any CPU
		Release|Any CPU = Release|Any CPU
	EndGlobalSection
	GlobalSection(ProjectConfigurationPlatforms) = postSolution
		{ED7DB9DD-1F1F-4F16-B134-FBBEC533E39F}.Debug|Any CPU.ActiveCfg = Debug|Any CPU
		{ED7DB9DD-1F1F-4F16-B134-FBBEC533E39F}.Debug|Any CPU.Build.0 = Debug|Any CPU
		{ED7DB9DD-1F1F-4F16-B134-FBBEC533E39F}.Release|Any CPU.ActiveCfg = Release|Any CPU
		{ED7DB9DD-1F1F-4F16-B134-FBBEC533E39F}.Release|Any CPU.Build.0 = Release|Any CPU
	EndGlobalSection
	GlobalSection(SolutionProperties) = preSolution
		HideSolutionNode = FALSE
	EndGlobalSection
	GlobalSection(ExtensibilityGlobals) = postSolution
		SolutionGuid = {9B1F0723-AD71-43A9-B11D-0BBC7EB671CB}
	EndGlobalSection
EndGlobal
